
Microsoft Visual Studio Solution File, Format Version 12.00
# Visual Studio Version 17
VisualStudioVersion = 17.10.35122.118
MinimumVisualStudioVersion = 10.0.40219.1
Project("{FAE04EC0-301F-11D3-BF4B-00C04F79EFBC}") = "01_MainSubjects", "01_MainSubjects\01_MainSubjects.csproj", "{B1351031-77B8-47FC-826E-8612B6EEA4A1}"
EndProject
Project("{FAE04EC0-301F-11D3-BF4B-00C04F79EFBC}") = "02_Variables", "02_Variables\02_Variables.csproj", "{85298DA8-7D0C-4343-BF89-B6A47E908659}"
EndProject
Project("{FAE04EC0-301F-11D3-BF4B-00C04F79EFBC}") = "03_MakingDecision", "03_MakingDecision\03_MakingDecision.csproj", "{0E6E67E4-0BBA-4E73-B0A8-15FB6D7A25F4}"
EndProject
Project("{FAE04EC0-301F-11D3-BF4B-00C04F79EFBC}") = "04_Loops", "04_Loops\04_Loops.csproj", "{F5C37165-BD04-48AE-96BC-716B99B20AE2}"
EndProject
Project("{FAE04EC0-301F-11D3-BF4B-00C04F79EFBC}") = "05_LoopsWithStars", "05_LoopsWithStars\05_LoopsWithStars.csproj", "{BE483781-26F0-4736-8B7A-DD046826E373}"
EndProject
Project("{FAE04EC0-301F-11D3-BF4B-00C04F79EFBC}") = "06_Arrays", "06_Arrays\06_Arrays.csproj", "{2D1CF398-2E6C-4C43-A98D-7D1C77F90061}"
EndProject
Project("{FAE04EC0-301F-11D3-BF4B-00C04F79EFBC}") = "07_ForeachLoop", "07_ForeachLoop\07_ForeachLoop.csproj", "{DEC0C064-6561-4DDC-972F-D154CDDB92E8}"
EndProject
Project("{FAE04EC0-301F-11D3-BF4B-00C04F79EFBC}") = "08_Methods", "08_Methods\08_Methods.csproj", "{503B33EB-3380-48EF-B411-2A43C7F9B950}"
EndProject
Global
	GlobalSection(SolutionConfigurationPlatforms) = preSolution
		Debug|Any CPU = Debug|Any CPU
		Release|Any CPU = Release|Any CPU
	EndGlobalSection
	GlobalSection(ProjectConfigurationPlatforms) = postSolution
		{B1351031-77B8-47FC-826E-8612B6EEA4A1}.Debug|Any CPU.ActiveCfg = Debug|Any CPU
		{B1351031-77B8-47FC-826E-8612B6EEA4A1}.Debug|Any CPU.Build.0 = Debug|Any CPU
		{B1351031-77B8-47FC-826E-8612B6EEA4A1}.Release|Any CPU.ActiveCfg = Release|Any CPU
		{B1351031-77B8-47FC-826E-8612B6EEA4A1}.Release|Any CPU.Build.0 = Release|Any CPU
		{85298DA8-7D0C-4343-BF89-B6A47E908659}.Debug|Any CPU.ActiveCfg = Debug|Any CPU
		{85298DA8-7D0C-4343-BF89-B6A47E908659}.Debug|Any CPU.Build.0 = Debug|Any CPU
		{85298DA8-7D0C-4343-BF89-B6A47E908659}.Release|Any CPU.ActiveCfg = Release|Any CPU
		{85298DA8-7D0C-4343-BF89-B6A47E908659}.Release|Any CPU.Build.0 = Release|Any CPU
		{0E6E67E4-0BBA-4E73-B0A8-15FB6D7A25F4}.Debug|Any CPU.ActiveCfg = Debug|Any CPU
		{0E6E67E4-0BBA-4E73-B0A8-15FB6D7A25F4}.Debug|Any CPU.Build.0 = Debug|Any CPU
		{0E6E67E4-0BBA-4E73-B0A8-15FB6D7A25F4}.Release|Any CPU.ActiveCfg = Release|Any CPU
		{0E6E67E4-0BBA-4E73-B0A8-15FB6D7A25F4}.Release|Any CPU.Build.0 = Release|Any CPU
		{F5C37165-BD04-48AE-96BC-716B99B20AE2}.Debug|Any CPU.ActiveCfg = Debug|Any CPU
		{F5C37165-BD04-48AE-96BC-716B99B20AE2}.Debug|Any CPU.Build.0 = Debug|Any CPU
		{F5C37165-BD04-48AE-96BC-716B99B20AE2}.Release|Any CPU.ActiveCfg = Release|Any CPU
		{F5C37165-BD04-48AE-96BC-716B99B20AE2}.Release|Any CPU.Build.0 = Release|Any CPU
		{BE483781-26F0-4736-8B7A-DD046826E373}.Debug|Any CPU.ActiveCfg = Debug|Any CPU
		{BE483781-26F0-4736-8B7A-DD046826E373}.Debug|Any CPU.Build.0 = Debug|Any CPU
		{BE483781-26F0-4736-8B7A-DD046826E373}.Release|Any CPU.ActiveCfg = Release|Any CPU
		{BE483781-26F0-4736-8B7A-DD046826E373}.Release|Any CPU.Build.0 = Release|Any CPU
		{2D1CF398-2E6C-4C43-A98D-7D1C77F90061}.Debug|Any CPU.ActiveCfg = Debug|Any CPU
		{2D1CF398-2E6C-4C43-A98D-7D1C77F90061}.Debug|Any CPU.Build.0 = Debug|Any CPU
		{2D1CF398-2E6C-4C43-A98D-7D1C77F90061}.Release|Any CPU.ActiveCfg = Release|Any CPU
		{2D1CF398-2E6C-4C43-A98D-7D1C77F90061}.Release|Any CPU.Build.0 = Release|Any CPU
		{DEC0C064-6561-4DDC-972F-D154CDDB92E8}.Debug|Any CPU.ActiveCfg = Debug|Any CPU
		{DEC0C064-6561-4DDC-972F-D154CDDB92E8}.Debug|Any CPU.Build.0 = Debug|Any CPU
		{DEC0C064-6561-4DDC-972F-D154CDDB92E8}.Release|Any CPU.ActiveCfg = Release|Any CPU
		{DEC0C064-6561-4DDC-972F-D154CDDB92E8}.Release|Any CPU.Build.0 = Release|Any CPU
		{503B33EB-3380-48EF-B411-2A43C7F9B950}.Debug|Any CPU.ActiveCfg = Debug|Any CPU
		{503B33EB-3380-48EF-B411-2A43C7F9B950}.Debug|Any CPU.Build.0 = Debug|Any CPU
		{503B33EB-3380-48EF-B411-2A43C7F9B950}.Release|Any CPU.ActiveCfg = Release|Any CPU
		{503B33EB-3380-48EF-B411-2A43C7F9B950}.Release|Any CPU.Build.0 = Release|Any CPU
	EndGlobalSection
	GlobalSection(SolutionProperties) = preSolution
		HideSolutionNode = FALSE
	EndGlobalSection
	GlobalSection(ExtensibilityGlobals) = postSolution
		SolutionGuid = {A78C2498-4E95-4481-984B-BDA92E413D66}
	EndGlobalSection
EndGlobal
